
Microsoft Visual Studio Solution File, Format Version 12.00
# Visual Studio 15
VisualStudioVersion = 15.0.28307.168
MinimumVisualStudioVersion = 10.0.40219.1
Project("{FAE04EC0-301F-11D3-BF4B-00C04F79EFBC}") = "GB_CSharp_lvl_1.5", "GB_CSharp_lvl_1.5\GB_CSharp_lvl_1.5.csproj", "{C2BF1B62-6E37-4FFE-9597-0EA02935648B}"
EndProject
Project("{FAE04EC0-301F-11D3-BF4B-00C04F79EFBC}") = "Task_3", "Task_3\Task_3.csproj", "{20834B6F-33A4-4460-A2EA-E3375CD8CAF2}"
EndProject
Global
	GlobalSection(SolutionConfigurationPlatforms) = preSolution
		Debug|Any CPU = Debug|Any CPU
		Release|Any CPU = Release|Any CPU
	EndGlobalSection
	GlobalSection(ProjectConfigurationPlatforms) = postSolution
		{C2BF1B62-6E37-4FFE-9597-0EA02935648B}.Debug|Any CPU.ActiveCfg = Debug|Any CPU
		{C2BF1B62-6E37-4FFE-9597-0EA02935648B}.Debug|Any CPU.Build.0 = Debug|Any CPU
		{C2BF1B62-6E37-4FFE-9597-0EA02935648B}.Release|Any CPU.ActiveCfg = Release|Any CPU
		{C2BF1B62-6E37-4FFE-9597-0EA02935648B}.Release|Any CPU.Build.0 = Release|Any CPU
		{20834B6F-33A4-4460-A2EA-E3375CD8CAF2}.Debug|Any CPU.ActiveCfg = Debug|Any CPU
		{20834B6F-33A4-4460-A2EA-E3375CD8CAF2}.Debug|Any CPU.Build.0 = Debug|Any CPU
		{20834B6F-33A4-4460-A2EA-E3375CD8CAF2}.Release|Any CPU.ActiveCfg = Release|Any CPU
		{20834B6F-33A4-4460-A2EA-E3375CD8CAF2}.Release|Any CPU.Build.0 = Release|Any CPU
	EndGlobalSection
	GlobalSection(SolutionProperties) = preSolution
		HideSolutionNode = FALSE
	EndGlobalSection
	GlobalSection(ExtensibilityGlobals) = postSolution
		SolutionGuid = {9F8BA2DD-F592-4A0A-8373-0F758EB2703A}
	EndGlobalSection
EndGlobal
